
Microsoft Visual Studio Solution File, Format Version 12.00
# Visual Studio Version 16
VisualStudioVersion = 16.0.31624.102
MinimumVisualStudioVersion = 10.0.40219.1
Project("{FAE04EC0-301F-11D3-BF4B-00C04F79EFBC}") = "Coinverter", "Coinverter\Coinverter.csproj", "{2961B424-D8E4-42D3-B010-AECE90E6DA5D}"
EndProject
Global
	GlobalSection(SolutionConfigurationPlatforms) = preSolution
		Debug|Any CPU = Debug|Any CPU
		Release|Any CPU = Release|Any CPU
	EndGlobalSection
	GlobalSection(ProjectConfigurationPlatforms) = postSolution
		{2961B424-D8E4-42D3-B010-AECE90E6DA5D}.Debug|Any CPU.ActiveCfg = Debug|Any CPU
		{2961B424-D8E4-42D3-B010-AECE90E6DA5D}.Debug|Any CPU.Build.0 = Debug|Any CPU
		{2961B424-D8E4-42D3-B010-AECE90E6DA5D}.Release|Any CPU.ActiveCfg = Release|Any CPU
		{2961B424-D8E4-42D3-B010-AECE90E6DA5D}.Release|Any CPU.Build.0 = Release|Any CPU
	EndGlobalSection
	GlobalSection(SolutionProperties) = preSolution
		HideSolutionNode = FALSE
	EndGlobalSection
	GlobalSection(ExtensibilityGlobals) = postSolution
		SolutionGuid = {B5B1FC05-BEEB-4493-8045-DD9CCDE514F1}
	EndGlobalSection
EndGlobal
